
Microsoft Visual Studio Solution File, Format Version 12.00
# Visual Studio Version 16
VisualStudioVersion = 16.0.31205.134
MinimumVisualStudioVersion = 10.0.40219.1
Project("{FAE04EC0-301F-11D3-BF4B-00C04F79EFBC}") = "Zadanie_1IB", "Zadanie_1IB\Zadanie_1IB.csproj", "{35E5F13D-607A-4174-B9FC-73A876F913C8}"
EndProject
Global
	GlobalSection(SolutionConfigurationPlatforms) = preSolution
		Debug|Any CPU = Debug|Any CPU
		Release|Any CPU = Release|Any CPU
	EndGlobalSection
	GlobalSection(ProjectConfigurationPlatforms) = postSolution
		{35E5F13D-607A-4174-B9FC-73A876F913C8}.Debug|Any CPU.ActiveCfg = Debug|Any CPU
		{35E5F13D-607A-4174-B9FC-73A876F913C8}.Debug|Any CPU.Build.0 = Debug|Any CPU
		{35E5F13D-607A-4174-B9FC-73A876F913C8}.Release|Any CPU.ActiveCfg = Release|Any CPU
		{35E5F13D-607A-4174-B9FC-73A876F913C8}.Release|Any CPU.Build.0 = Release|Any CPU
	EndGlobalSection
	GlobalSection(SolutionProperties) = preSolution
		HideSolutionNode = FALSE
	EndGlobalSection
	GlobalSection(ExtensibilityGlobals) = postSolution
		SolutionGuid = {4D0C5A08-3185-4471-A441-5111CD5CDE10}
	EndGlobalSection
EndGlobal
